github.com/google/uuid v1.3.0 h1:t6JiXgmwXMjEs8VusXIJk2BXHsn+wx8BZdTaoZ5fu7I=
github.com/google/uuid v1.3.0/go.mod h1:TIyPZe4MgqvfeYDBFedMoGGpEw/LqOeaOT+nhxU+yHo=
github.com/tabbed/pqtype v0.1.1 h1:PhEcb9JZ8jr7SUjJDFjRPxny0M8fkXZrxn/a9yQfoZg=
github.com/tabbed/pqtype v0.1.1/go.mod h1:HLt2kLJPcUhODQkYn3mJkMHXVsuv3Z2n5NZEeKXL0Uk=
